// !$*UTF8*$!
{
	archiveVersion = 1;
	classes = {
	};
	objectVersion = 46;
	objects = {

/* Begin PBXBuildFile section */
		0E0142081F5FAE24003786C6 /* MenuViewController.swift in Sources */ = {isa = PBXBuildFile; fileRef = 0E0142071F5FAE24003786C6 /* MenuViewController.swift */; };
		0E1BE0FA1F67083600E5BBDC /* LocationProvider.swift in Sources */ = {isa = PBXBuildFile; fileRef = 0E1BE0F91F67083600E5BBDC /* LocationProvider.swift */; };
		0E1BE0FC1F6714CF00E5BBDC /* Observable.swift in Sources */ = {isa = PBXBuildFile; fileRef = 0E1BE0FB1F6714CF00E5BBDC /* Observable.swift */; };
		0E1BE1001F67986B00E5BBDC /* TemperatureFormatter.swift in Sources */ = {isa = PBXBuildFile; fileRef = 0E1BE0FF1F67986B00E5BBDC /* TemperatureFormatter.swift */; };
		0E1BE1021F679F3900E5BBDC /* WeatherConditionFormatter.swift in Sources */ = {isa = PBXBuildFile; fileRef = 0E1BE1011F679F3900E5BBDC /* WeatherConditionFormatter.swift */; };
		0E200D1E1F65888000252FCD /* ForecastResponse.swift in Sources */ = {isa = PBXBuildFile; fileRef = 0E200D1D1F65888000252FCD /* ForecastResponse.swift */; };
		0E39EC531F661C9E001AE143 /* Backlog.rtf in Resources */ = {isa = PBXBuildFile; fileRef = 0E39EC521F661C9E001AE143 /* Backlog.rtf */; };
		0E39EC551F66CB13001AE143 /* DailyForecastViewModel.swift in Sources */ = {isa = PBXBuildFile; fileRef = 0E39EC541F66CB13001AE143 /* DailyForecastViewModel.swift */; };
		0E39EC571F66CB46001AE143 /* HourlyForecastViewModel.swift in Sources */ = {isa = PBXBuildFile; fileRef = 0E39EC561F66CB46001AE143 /* HourlyForecastViewModel.swift */; };
		0E39EC591F66CBA9001AE143 /* DetailsViewModel.swift in Sources */ = {isa = PBXBuildFile; fileRef = 0E39EC581F66CBA9001AE143 /* DetailsViewModel.swift */; };
		0E39EC5B1F66CBDE001AE143 /* RightNowViewModel.swift in Sources */ = {isa = PBXBuildFile; fileRef = 0E39EC5A1F66CBDE001AE143 /* RightNowViewModel.swift */; };
		0E39EC5D1F66CD0A001AE143 /* ForecastLocation.swift in Sources */ = {isa = PBXBuildFile; fileRef = 0E39EC5C1F66CD0A001AE143 /* ForecastLocation.swift */; };
		0E39EC5F1F66CD1F001AE143 /* WeatherCondition.swift in Sources */ = {isa = PBXBuildFile; fileRef = 0E39EC5E1F66CD1F001AE143 /* WeatherCondition.swift */; };
		0E39EC611F66CD50001AE143 /* Weather.swift in Sources */ = {isa = PBXBuildFile; fileRef = 0E39EC601F66CD50001AE143 /* Weather.swift */; };
		0E39EC631F66CD6A001AE143 /* Wind.swift in Sources */ = {isa = PBXBuildFile; fileRef = 0E39EC621F66CD6A001AE143 /* Wind.swift */; };
		0E39EC671F66D029001AE143 /* ForecastBackgroundRetriever.swift in Sources */ = {isa = PBXBuildFile; fileRef = 0E39EC661F66D029001AE143 /* ForecastBackgroundRetriever.swift */; };
		0E39EC691F66ED1A001AE143 /* CurrentWeatherViewModel.swift in Sources */ = {isa = PBXBuildFile; fileRef = 0E39EC681F66ED1A001AE143 /* CurrentWeatherViewModel.swift */; };
		0E3DF4831F6481AA007EE6C1 /* DetailedView.xib in Resources */ = {isa = PBXBuildFile; fileRef = 0E3DF4821F6481AA007EE6C1 /* DetailedView.xib */; };
		0E3DF4851F6481D0007EE6C1 /* DailyForecastCell.xib in Resources */ = {isa = PBXBuildFile; fileRef = 0E3DF4841F6481D0007EE6C1 /* DailyForecastCell.xib */; };
		0E3DF4871F6481E8007EE6C1 /* DetailedView.swift in Sources */ = {isa = PBXBuildFile; fileRef = 0E3DF4861F6481E8007EE6C1 /* DetailedView.swift */; };
		0E3DF4891F6481FC007EE6C1 /* DailyForecastCell.swift in Sources */ = {isa = PBXBuildFile; fileRef = 0E3DF4881F6481FC007EE6C1 /* DailyForecastCell.swift */; };
		0E3DF48B1F6482D0007EE6C1 /* DailyForecastDataSource.swift in Sources */ = {isa = PBXBuildFile; fileRef = 0E3DF48A1F6482D0007EE6C1 /* DailyForecastDataSource.swift */; };
		0E3DF48D1F6482DD007EE6C1 /* HourlyForecastDataSource.swift in Sources */ = {isa = PBXBuildFile; fileRef = 0E3DF48C1F6482DD007EE6C1 /* HourlyForecastDataSource.swift */; };
		0E715D431F230C4F00695360 /* AppDelegate.swift in Sources */ = {isa = PBXBuildFile; fileRef = 0E715D421F230C4F00695360 /* AppDelegate.swift */; };
		0E715D451F230C4F00695360 /* WeatherViewController.swift in Sources */ = {isa = PBXBuildFile; fileRef = 0E715D441F230C4F00695360 /* WeatherViewController.swift */; };
		0E715D481F230C4F00695360 /* Main.storyboard in Resources */ = {isa = PBXBuildFile; fileRef = 0E715D461F230C4F00695360 /* Main.storyboard */; };
		0E715D4A1F230C4F00695360 /* Assets.xcassets in Resources */ = {isa = PBXBuildFile; fileRef = 0E715D491F230C4F00695360 /* Assets.xcassets */; };
		0E715D4D1F230C4F00695360 /* LaunchScreen.storyboard in Resources */ = {isa = PBXBuildFile; fileRef = 0E715D4B1F230C4F00695360 /* LaunchScreen.storyboard */; };
		0E715D581F230C4F00695360 /* WeatherAppTests.swift in Sources */ = {isa = PBXBuildFile; fileRef = 0E715D571F230C4F00695360 /* WeatherAppTests.swift */; };
		0E715D631F230C4F00695360 /* WeatherAppUITests.swift in Sources */ = {isa = PBXBuildFile; fileRef = 0E715D621F230C4F00695360 /* WeatherAppUITests.swift */; };
		0EA94C761F2BADF9001790DB /* RightNowView.swift in Sources */ = {isa = PBXBuildFile; fileRef = 0EA94C751F2BADF9001790DB /* RightNowView.swift */; };
		0EA94C7A1F2BB1BA001790DB /* RightNowView.xib in Resources */ = {isa = PBXBuildFile; fileRef = 0EA94C791F2BB1BA001790DB /* RightNowView.xib */; };
		0EF508BC1F2BC6450027BFD2 /* WeatherViewModel.swift in Sources */ = {isa = PBXBuildFile; fileRef = 0EF508BB1F2BC6450027BFD2 /* WeatherViewModel.swift */; };
		0EF508BE1F2BDE6B0027BFD2 /* WeatherService.swift in Sources */ = {isa = PBXBuildFile; fileRef = 0EF508BD1F2BDE6B0027BFD2 /* WeatherService.swift */; };
		0EF508C01F2C43F20027BFD2 /* HourlyForecastCell.xib in Resources */ = {isa = PBXBuildFile; fileRef = 0EF508BF1F2C43F20027BFD2 /* HourlyForecastCell.xib */; };
		0EF508C21F2C440A0027BFD2 /* HourlyForecastCell.swift in Sources */ = {isa = PBXBuildFile; fileRef = 0EF508C11F2C440A0027BFD2 /* HourlyForecastCell.swift */; };
		52EBF84A3FE0922930E08E50 /* Pods_WeatherAppUITests.framework in Frameworks */ = {isa = PBXBuildFile; fileRef = 0295DE5D3EDBA9E7C4B60A1A /* Pods_WeatherAppUITests.framework */; };
		AFAA11A4232513F1BABBE81F /* Pods_WeatherApp.framework in Frameworks */ = {isa = PBXBuildFile; fileRef = 496A02E94F9DDDBD676D1579 /* Pods_WeatherApp.framework */; };
		C5EFDB4D139C62427D13D77E /* Pods_WeatherAppTests.framework in Frameworks */ = {isa = PBXBuildFile; fileRef = 443A2F3C1ACCB6BD672CC92E /* Pods_WeatherAppTests.framework */; };
/* End PBXBuildFile section */

/* Begin PBXContainerItemProxy section */
		0E715D541F230C4F00695360 /* PBXContainerItemProxy */ = {
			isa = PBXContainerItemProxy;
			containerPortal = 0E715D371F230C4F00695360 /* Project object */;
			proxyType = 1;
			remoteGlobalIDString = 0E715D3E1F230C4F00695360;
			remoteInfo = WeatherApp;
		};
		0E715D5F1F230C4F00695360 /* PBXContainerItemProxy */ = {
			isa = PBXContainerItemProxy;
			containerPortal = 0E715D371F230C4F00695360 /* Project object */;
			proxyType = 1;
			remoteGlobalIDString = 0E715D3E1F230C4F00695360;
			remoteInfo = WeatherApp;
		};
/* End PBXContainerItemProxy section */

/* Begin PBXFileReference section */
		0295DE5D3EDBA9E7C4B60A1A /* Pods_WeatherAppUITests.framework */ = {isa = PBXFileReference; explicitFileType = wrapper.framework; includeInIndex = 0; path = Pods_WeatherAppUITests.framework; sourceTree = BUILT_PRODUCTS_DIR; };
		0BC3EC1DA28ECBC15EA60A51 /* Pods-WeatherApp.release.xcconfig */ = {isa = PBXFileReference; includeInIndex = 1; lastKnownFileType = text.xcconfig; name = "Pods-WeatherApp.release.xcconfig"; path = "Pods/Target Support Files/Pods-WeatherApp/Pods-WeatherApp.release.xcconfig"; sourceTree = "<group>"; };
		0E0142071F5FAE24003786C6 /* MenuViewController.swift */ = {isa = PBXFileReference; fileEncoding = 4; lastKnownFileType = sourcecode.swift; path = MenuViewController.swift; sourceTree = "<group>"; };
		0E1BE0F91F67083600E5BBDC /* LocationProvider.swift */ = {isa = PBXFileReference; fileEncoding = 4; lastKnownFileType = sourcecode.swift; path = LocationProvider.swift; sourceTree = "<group>"; };
		0E1BE0FB1F6714CF00E5BBDC /* Observable.swift */ = {isa = PBXFileReference; fileEncoding = 4; lastKnownFileType = sourcecode.swift; path = Observable.swift; sourceTree = "<group>"; };
		0E1BE0FF1F67986B00E5BBDC /* TemperatureFormatter.swift */ = {isa = PBXFileReference; fileEncoding = 4; lastKnownFileType = sourcecode.swift; path = TemperatureFormatter.swift; sourceTree = "<group>"; };
		0E1BE1011F679F3900E5BBDC /* WeatherConditionFormatter.swift */ = {isa = PBXFileReference; fileEncoding = 4; lastKnownFileType = sourcecode.swift; path = WeatherConditionFormatter.swift; sourceTree = "<group>"; };
		0E200D1D1F65888000252FCD /* ForecastResponse.swift */ = {isa = PBXFileReference; fileEncoding = 4; lastKnownFileType = sourcecode.swift; path = ForecastResponse.swift; sourceTree = "<group>"; };
		0E39EC521F661C9E001AE143 /* Backlog.rtf */ = {isa = PBXFileReference; fileEncoding = 4; lastKnownFileType = text.rtf; path = Backlog.rtf; sourceTree = "<group>"; };
		0E39EC541F66CB13001AE143 /* DailyForecastViewModel.swift */ = {isa = PBXFileReference; fileEncoding = 4; lastKnownFileType = sourcecode.swift; path = DailyForecastViewModel.swift; sourceTree = "<group>"; };
		0E39EC561F66CB46001AE143 /* HourlyForecastViewModel.swift */ = {isa = PBXFileReference; fileEncoding = 4; lastKnownFileType = sourcecode.swift; path = HourlyForecastViewModel.swift; sourceTree = "<group>"; };
		0E39EC581F66CBA9001AE143 /* DetailsViewModel.swift */ = {isa = PBXFileReference; fileEncoding = 4; lastKnownFileType = sourcecode.swift; path = DetailsViewModel.swift; sourceTree = "<group>"; };
		0E39EC5A1F66CBDE001AE143 /* RightNowViewModel.swift */ = {isa = PBXFileReference; fileEncoding = 4; lastKnownFileType = sourcecode.swift; path = RightNowViewModel.swift; sourceTree = "<group>"; };
		0E39EC5C1F66CD0A001AE143 /* ForecastLocation.swift */ = {isa = PBXFileReference; fileEncoding = 4; lastKnownFileType = sourcecode.swift; path = ForecastLocation.swift; sourceTree = "<group>"; };
		0E39EC5E1F66CD1F001AE143 /* WeatherCondition.swift */ = {isa = PBXFileReference; fileEncoding = 4; lastKnownFileType = sourcecode.swift; path = WeatherCondition.swift; sourceTree = "<group>"; };
		0E39EC601F66CD50001AE143 /* Weather.swift */ = {isa = PBXFileReference; fileEncoding = 4; lastKnownFileType = sourcecode.swift; path = Weather.swift; sourceTree = "<group>"; };
		0E39EC621F66CD6A001AE143 /* Wind.swift */ = {isa = PBXFileReference; fileEncoding = 4; lastKnownFileType = sourcecode.swift; path = Wind.swift; sourceTree = "<group>"; };
		0E39EC661F66D029001AE143 /* ForecastBackgroundRetriever.swift */ = {isa = PBXFileReference; fileEncoding = 4; lastKnownFileType = sourcecode.swift; path = ForecastBackgroundRetriever.swift; sourceTree = "<group>"; };
		0E39EC681F66ED1A001AE143 /* CurrentWeatherViewModel.swift */ = {isa = PBXFileReference; fileEncoding = 4; lastKnownFileType = sourcecode.swift; path = CurrentWeatherViewModel.swift; sourceTree = "<group>"; };
		0E3DF4821F6481AA007EE6C1 /* DetailedView.xib */ = {isa = PBXFileReference; fileEncoding = 4; lastKnownFileType = file.xib; path = DetailedView.xib; sourceTree = "<group>"; };
		0E3DF4841F6481D0007EE6C1 /* DailyForecastCell.xib */ = {isa = PBXFileReference; fileEncoding = 4; lastKnownFileType = file.xib; path = DailyForecastCell.xib; sourceTree = "<group>"; };
		0E3DF4861F6481E8007EE6C1 /* DetailedView.swift */ = {isa = PBXFileReference; fileEncoding = 4; lastKnownFileType = sourcecode.swift; path = DetailedView.swift; sourceTree = "<group>"; };
		0E3DF4881F6481FC007EE6C1 /* DailyForecastCell.swift */ = {isa = PBXFileReference; fileEncoding = 4; lastKnownFileType = sourcecode.swift; path = DailyForecastCell.swift; sourceTree = "<group>"; };
		0E3DF48A1F6482D0007EE6C1 /* DailyForecastDataSource.swift */ = {isa = PBXFileReference; fileEncoding = 4; lastKnownFileType = sourcecode.swift; path = DailyForecastDataSource.swift; sourceTree = "<group>"; };
		0E3DF48C1F6482DD007EE6C1 /* HourlyForecastDataSource.swift */ = {isa = PBXFileReference; fileEncoding = 4; lastKnownFileType = sourcecode.swift; path = HourlyForecastDataSource.swift; sourceTree = "<group>"; };
		0E715D3F1F230C4F00695360 /* WeatherApp.app */ = {isa = PBXFileReference; explicitFileType = wrapper.application; includeInIndex = 0; path = WeatherApp.app; sourceTree = BUILT_PRODUCTS_DIR; };
		0E715D421F230C4F00695360 /* AppDelegate.swift */ = {isa = PBXFileReference; lastKnownFileType = sourcecode.swift; path = AppDelegate.swift; sourceTree = "<group>"; };
		0E715D441F230C4F00695360 /* WeatherViewController.swift */ = {isa = PBXFileReference; lastKnownFileType = sourcecode.swift; path = WeatherViewController.swift; sourceTree = "<group>"; };
		0E715D471F230C4F00695360 /* Base */ = {isa = PBXFileReference; lastKnownFileType = file.storyboard; name = Base; path = Base.lproj/Main.storyboard; sourceTree = "<group>"; };
		0E715D491F230C4F00695360 /* Assets.xcassets */ = {isa = PBXFileReference; lastKnownFileType = folder.assetcatalog; path = Assets.xcassets; sourceTree = "<group>"; };
		0E715D4C1F230C4F00695360 /* Base */ = {isa = PBXFileReference; lastKnownFileType = file.storyboard; name = Base; path = Base.lproj/LaunchScreen.storyboard; sourceTree = "<group>"; };
		0E715D4E1F230C4F00695360 /* Info.plist */ = {isa = PBXFileReference; lastKnownFileType = text.plist.xml; path = Info.plist; sourceTree = "<group>"; };
		0E715D531F230C4F00695360 /* WeatherAppTests.xctest */ = {isa = PBXFileReference; explicitFileType = wrapper.cfbundle; includeInIndex = 0; path = WeatherAppTests.xctest; sourceTree = BUILT_PRODUCTS_DIR; };
		0E715D571F230C4F00695360 /* WeatherAppTests.swift */ = {isa = PBXFileReference; lastKnownFileType = sourcecode.swift; path = WeatherAppTests.swift; sourceTree = "<group>"; };
		0E715D591F230C4F00695360 /* Info.plist */ = {isa = PBXFileReference; lastKnownFileType = text.plist.xml; path = Info.plist; sourceTree = "<group>"; };
		0E715D5E1F230C4F00695360 /* WeatherAppUITests.xctest */ = {isa = PBXFileReference; explicitFileType = wrapper.cfbundle; includeInIndex = 0; path = WeatherAppUITests.xctest; sourceTree = BUILT_PRODUCTS_DIR; };
		0E715D621F230C4F00695360 /* WeatherAppUITests.swift */ = {isa = PBXFileReference; lastKnownFileType = sourcecode.swift; path = WeatherAppUITests.swift; sourceTree = "<group>"; };
		0E715D641F230C4F00695360 /* Info.plist */ = {isa = PBXFileReference; lastKnownFileType = text.plist.xml; path = Info.plist; sourceTree = "<group>"; };
		0EA94C751F2BADF9001790DB /* RightNowView.swift */ = {isa = PBXFileReference; fileEncoding = 4; lastKnownFileType = sourcecode.swift; path = RightNowView.swift; sourceTree = "<group>"; };
		0EA94C791F2BB1BA001790DB /* RightNowView.xib */ = {isa = PBXFileReference; fileEncoding = 4; lastKnownFileType = file.xib; path = RightNowView.xib; sourceTree = "<group>"; };
		0EF508BB1F2BC6450027BFD2 /* WeatherViewModel.swift */ = {isa = PBXFileReference; fileEncoding = 4; lastKnownFileType = sourcecode.swift; path = WeatherViewModel.swift; sourceTree = "<group>"; };
		0EF508BD1F2BDE6B0027BFD2 /* WeatherService.swift */ = {isa = PBXFileReference; fileEncoding = 4; lastKnownFileType = sourcecode.swift; path = WeatherService.swift; sourceTree = "<group>"; };
		0EF508BF1F2C43F20027BFD2 /* HourlyForecastCell.xib */ = {isa = PBXFileReference; fileEncoding = 4; lastKnownFileType = file.xib; path = HourlyForecastCell.xib; sourceTree = "<group>"; };
		0EF508C11F2C440A0027BFD2 /* HourlyForecastCell.swift */ = {isa = PBXFileReference; fileEncoding = 4; lastKnownFileType = sourcecode.swift; path = HourlyForecastCell.swift; sourceTree = "<group>"; };
		16A70135FB2002F8D629B2C9 /* Pods-WeatherAppUITests.release.xcconfig */ = {isa = PBXFileReference; includeInIndex = 1; lastKnownFileType = text.xcconfig; name = "Pods-WeatherAppUITests.release.xcconfig"; path = "Pods/Target Support Files/Pods-WeatherAppUITests/Pods-WeatherAppUITests.release.xcconfig"; sourceTree = "<group>"; };
		443A2F3C1ACCB6BD672CC92E /* Pods_WeatherAppTests.framework */ = {isa = PBXFileReference; explicitFileType = wrapper.framework; includeInIndex = 0; path = Pods_WeatherAppTests.framework; sourceTree = BUILT_PRODUCTS_DIR; };
		496A02E94F9DDDBD676D1579 /* Pods_WeatherApp.framework */ = {isa = PBXFileReference; explicitFileType = wrapper.framework; includeInIndex = 0; path = Pods_WeatherApp.framework; sourceTree = BUILT_PRODUCTS_DIR; };
		AD09E16778E681094F8A8C16 /* Pods-WeatherAppTests.debug.xcconfig */ = {isa = PBXFileReference; includeInIndex = 1; lastKnownFileType = text.xcconfig; name = "Pods-WeatherAppTests.debug.xcconfig"; path = "Pods/Target Support Files/Pods-WeatherAppTests/Pods-WeatherAppTests.debug.xcconfig"; sourceTree = "<group>"; };
		B8A41F2A4E8FBD86104BC319 /* Pods-WeatherAppTests.release.xcconfig */ = {isa = PBXFileReference; includeInIndex = 1; lastKnownFileType = text.xcconfig; name = "Pods-WeatherAppTests.release.xcconfig"; path = "Pods/Target Support Files/Pods-WeatherAppTests/Pods-WeatherAppTests.release.xcconfig"; sourceTree = "<group>"; };
		BC09BFA6B0C1F233C665B7CA /* Pods-WeatherAppUITests.debug.xcconfig */ = {isa = PBXFileReference; includeInIndex = 1; lastKnownFileType = text.xcconfig; name = "Pods-WeatherAppUITests.debug.xcconfig"; path = "Pods/Target Support Files/Pods-WeatherAppUITests/Pods-WeatherAppUITests.debug.xcconfig"; sourceTree = "<group>"; };
		F5A49F7F8741BD5CD76C8054 /* Pods-WeatherApp.debug.xcconfig */ = {isa = PBXFileReference; includeInIndex = 1; lastKnownFileType = text.xcconfig; name = "Pods-WeatherApp.debug.xcconfig"; path = "Pods/Target Support Files/Pods-WeatherApp/Pods-WeatherApp.debug.xcconfig"; sourceTree = "<group>"; };
/* End PBXFileReference section */

/* Begin PBXFrameworksBuildPhase section */
		0E715D3C1F230C4F00695360 /* Frameworks */ = {
			isa = PBXFrameworksBuildPhase;
			buildActionMask = 2147483647;
			files = (
				AFAA11A4232513F1BABBE81F /* Pods_WeatherApp.framework in Frameworks */,
			);
			runOnlyForDeploymentPostprocessing = 0;
		};
		0E715D501F230C4F00695360 /* Frameworks */ = {
			isa = PBXFrameworksBuildPhase;
			buildActionMask = 2147483647;
			files = (
				C5EFDB4D139C62427D13D77E /* Pods_WeatherAppTests.framework in Frameworks */,
			);
			runOnlyForDeploymentPostprocessing = 0;
		};
		0E715D5B1F230C4F00695360 /* Frameworks */ = {
			isa = PBXFrameworksBuildPhase;
			buildActionMask = 2147483647;
			files = (
				52EBF84A3FE0922930E08E50 /* Pods_WeatherAppUITests.framework in Frameworks */,
			);
			runOnlyForDeploymentPostprocessing = 0;
		};
/* End PBXFrameworksBuildPhase section */

/* Begin PBXGroup section */
		0E1BE0FD1F6714EE00E5BBDC /* Utilities */ = {
			isa = PBXGroup;
			children = (
				0E1BE0FB1F6714CF00E5BBDC /* Observable.swift */,
			);
			name = Utilities;
			sourceTree = "<group>";
		};
		0E200D1B1F65882000252FCD /* Model */ = {
			isa = PBXGroup;
			children = (
				0EF508BD1F2BDE6B0027BFD2 /* WeatherService.swift */,
				0E200D1D1F65888000252FCD /* ForecastResponse.swift */,
				0E39EC5C1F66CD0A001AE143 /* ForecastLocation.swift */,
				0E39EC5E1F66CD1F001AE143 /* WeatherCondition.swift */,
				0E39EC601F66CD50001AE143 /* Weather.swift */,
				0E39EC621F66CD6A001AE143 /* Wind.swift */,
				0E1BE0F91F67083600E5BBDC /* LocationProvider.swift */,
			);
			name = Model;
			sourceTree = "<group>";
		};
		0E200D1C1F65885400252FCD /* ViewModel */ = {
			isa = PBXGroup;
			children = (
				0EF508BB1F2BC6450027BFD2 /* WeatherViewModel.swift */,
				0E39EC5A1F66CBDE001AE143 /* RightNowViewModel.swift */,
				0E39EC561F66CB46001AE143 /* HourlyForecastViewModel.swift */,
				0E39EC541F66CB13001AE143 /* DailyForecastViewModel.swift */,
				0E39EC581F66CBA9001AE143 /* DetailsViewModel.swift */,
				0E39EC661F66D029001AE143 /* ForecastBackgroundRetriever.swift */,
				0E39EC681F66ED1A001AE143 /* CurrentWeatherViewModel.swift */,
				0E3DF48A1F6482D0007EE6C1 /* DailyForecastDataSource.swift */,
				0E3DF48C1F6482DD007EE6C1 /* HourlyForecastDataSource.swift */,
				0E1BE0FF1F67986B00E5BBDC /* TemperatureFormatter.swift */,
				0E1BE1011F679F3900E5BBDC /* WeatherConditionFormatter.swift */,
			);
			name = ViewModel;
			sourceTree = "<group>";
		};
		0E3DF47D1F639AFC007EE6C1 /* Views */ = {
			isa = PBXGroup;
			children = (
				0EF508BF1F2C43F20027BFD2 /* HourlyForecastCell.xib */,
				0EF508C11F2C440A0027BFD2 /* HourlyForecastCell.swift */,
				0EA94C791F2BB1BA001790DB /* RightNowView.xib */,
				0EA94C751F2BADF9001790DB /* RightNowView.swift */,
				0E3DF4821F6481AA007EE6C1 /* DetailedView.xib */,
				0E3DF4861F6481E8007EE6C1 /* DetailedView.swift */,
				0E3DF4841F6481D0007EE6C1 /* DailyForecastCell.xib */,
				0E3DF4881F6481FC007EE6C1 /* DailyForecastCell.swift */,
			);
			name = Views;
			sourceTree = "<group>";
		};
		0E715D361F230C4F00695360 = {
			isa = PBXGroup;
			children = (
				0E715D411F230C4F00695360 /* WeatherApp */,
				0E715D561F230C4F00695360 /* WeatherAppTests */,
				0E715D611F230C4F00695360 /* WeatherAppUITests */,
				0E715D401F230C4F00695360 /* Products */,
				4A464306FAAA0A9284DB5E0A /* Pods */,
				812BB7C686731F81332D1F7C /* Frameworks */,
			);
			sourceTree = "<group>";
		};
		0E715D401F230C4F00695360 /* Products */ = {
			isa = PBXGroup;
			children = (
				0E715D3F1F230C4F00695360 /* WeatherApp.app */,
				0E715D531F230C4F00695360 /* WeatherAppTests.xctest */,
				0E715D5E1F230C4F00695360 /* WeatherAppUITests.xctest */,
			);
			name = Products;
			sourceTree = "<group>";
		};
		0E715D411F230C4F00695360 /* WeatherApp */ = {
			isa = PBXGroup;
			children = (
				0E1BE0FD1F6714EE00E5BBDC /* Utilities */,
				0E200D1C1F65885400252FCD /* ViewModel */,
				0E200D1B1F65882000252FCD /* Model */,
				0E3DF47D1F639AFC007EE6C1 /* Views */,
				0E715D421F230C4F00695360 /* AppDelegate.swift */,
				0E715D441F230C4F00695360 /* WeatherViewController.swift */,
				0E715D461F230C4F00695360 /* Main.storyboard */,
				0E715D491F230C4F00695360 /* Assets.xcassets */,
				0E715D4B1F230C4F00695360 /* LaunchScreen.storyboard */,
				0E715D4E1F230C4F00695360 /* Info.plist */,
				0E0142071F5FAE24003786C6 /* MenuViewController.swift */,
				0E39EC521F661C9E001AE143 /* Backlog.rtf */,
			);
			path = WeatherApp;
			sourceTree = "<group>";
		};
		0E715D561F230C4F00695360 /* WeatherAppTests */ = {
			isa = PBXGroup;
			children = (
				0E715D571F230C4F00695360 /* WeatherAppTests.swift */,
				0E715D591F230C4F00695360 /* Info.plist */,
			);
			path = WeatherAppTests;
			sourceTree = "<group>";
		};
		0E715D611F230C4F00695360 /* WeatherAppUITests */ = {
			isa = PBXGroup;
			children = (
				0E715D621F230C4F00695360 /* WeatherAppUITests.swift */,
				0E715D641F230C4F00695360 /* Info.plist */,
			);
			path = WeatherAppUITests;
			sourceTree = "<group>";
		};
		4A464306FAAA0A9284DB5E0A /* Pods */ = {
			isa = PBXGroup;
			children = (
				F5A49F7F8741BD5CD76C8054 /* Pods-WeatherApp.debug.xcconfig */,
				0BC3EC1DA28ECBC15EA60A51 /* Pods-WeatherApp.release.xcconfig */,
				AD09E16778E681094F8A8C16 /* Pods-WeatherAppTests.debug.xcconfig */,
				B8A41F2A4E8FBD86104BC319 /* Pods-WeatherAppTests.release.xcconfig */,
				BC09BFA6B0C1F233C665B7CA /* Pods-WeatherAppUITests.debug.xcconfig */,
				16A70135FB2002F8D629B2C9 /* Pods-WeatherAppUITests.release.xcconfig */,
			);
			name = Pods;
			sourceTree = "<group>";
		};
		812BB7C686731F81332D1F7C /* Frameworks */ = {
			isa = PBXGroup;
			children = (
				496A02E94F9DDDBD676D1579 /* Pods_WeatherApp.framework */,
				443A2F3C1ACCB6BD672CC92E /* Pods_WeatherAppTests.framework */,
				0295DE5D3EDBA9E7C4B60A1A /* Pods_WeatherAppUITests.framework */,
			);
			name = Frameworks;
			sourceTree = "<group>";
		};
/* End PBXGroup section */

/* Begin PBXNativeTarget section */
		0E715D3E1F230C4F00695360 /* WeatherApp */ = {
			isa = PBXNativeTarget;
			buildConfigurationList = 0E715D671F230C4F00695360 /* Build configuration list for PBXNativeTarget "WeatherApp" */;
			buildPhases = (
				F844A1927DC845A79244A07D /* [CP] Check Pods Manifest.lock */,
				0E715D3B1F230C4F00695360 /* Sources */,
				0E715D3C1F230C4F00695360 /* Frameworks */,
				0E715D3D1F230C4F00695360 /* Resources */,
				1D715A48897522B9F7C593EA /* [CP] Embed Pods Frameworks */,
				6BC43C88367EA2499BD8BDD7 /* [CP] Copy Pods Resources */,
			);
			buildRules = (
			);
			dependencies = (
			);
			name = WeatherApp;
			productName = WeatherApp;
			productReference = 0E715D3F1F230C4F00695360 /* WeatherApp.app */;
			productType = "com.apple.product-type.application";
		};
		0E715D521F230C4F00695360 /* WeatherAppTests */ = {
			isa = PBXNativeTarget;
			buildConfigurationList = 0E715D6A1F230C4F00695360 /* Build configuration list for PBXNativeTarget "WeatherAppTests" */;
			buildPhases = (
				70D6B0D05B3884A6448C59D8 /* [CP] Check Pods Manifest.lock */,
				0E715D4F1F230C4F00695360 /* Sources */,
				0E715D501F230C4F00695360 /* Frameworks */,
				0E715D511F230C4F00695360 /* Resources */,
				B69920B29615A14E6F244C13 /* [CP] Embed Pods Frameworks */,
				D7B88FC9B39219C7B41CE63B /* [CP] Copy Pods Resources */,
			);
			buildRules = (
			);
			dependencies = (
				0E715D551F230C4F00695360 /* PBXTargetDependency */,
			);
			name = WeatherAppTests;
			productName = WeatherAppTests;
			productReference = 0E715D531F230C4F00695360 /* WeatherAppTests.xctest */;
			productType = "com.apple.product-type.bundle.unit-test";
		};
		0E715D5D1F230C4F00695360 /* WeatherAppUITests */ = {
			isa = PBXNativeTarget;
			buildConfigurationList = 0E715D6D1F230C4F00695360 /* Build configuration list for PBXNativeTarget "WeatherAppUITests" */;
			buildPhases = (
				AE9D5807C9144E6ED05A4918 /* [CP] Check Pods Manifest.lock */,
				0E715D5A1F230C4F00695360 /* Sources */,
				0E715D5B1F230C4F00695360 /* Frameworks */,
				0E715D5C1F230C4F00695360 /* Resources */,
				C7CA7BC8CEFEA07887EDDE30 /* [CP] Embed Pods Frameworks */,
				AE6775AE14BAB9F14DCCC359 /* [CP] Copy Pods Resources */,
			);
			buildRules = (
			);
			dependencies = (
				0E715D601F230C4F00695360 /* PBXTargetDependency */,
			);
			name = WeatherAppUITests;
			productName = WeatherAppUITests;
			productReference = 0E715D5E1F230C4F00695360 /* WeatherAppUITests.xctest */;
			productType = "com.apple.product-type.bundle.ui-testing";
		};
/* End PBXNativeTarget section */

/* Begin PBXProject section */
		0E715D371F230C4F00695360 /* Project object */ = {
			isa = PBXProject;
			attributes = {
				LastSwiftUpdateCheck = 0830;
				LastUpgradeCheck = 0830;
				ORGANIZATIONNAME = "Corey Sprague";
				TargetAttributes = {
					0E715D3E1F230C4F00695360 = {
						CreatedOnToolsVersion = 8.3.3;
						DevelopmentTeam = 8F8KCJMB2H;
						ProvisioningStyle = Automatic;
					};
					0E715D521F230C4F00695360 = {
						CreatedOnToolsVersion = 8.3.3;
						ProvisioningStyle = Automatic;
						TestTargetID = 0E715D3E1F230C4F00695360;
					};
					0E715D5D1F230C4F00695360 = {
						CreatedOnToolsVersion = 8.3.3;
						ProvisioningStyle = Automatic;
						TestTargetID = 0E715D3E1F230C4F00695360;
					};
				};
			};
			buildConfigurationList = 0E715D3A1F230C4F00695360 /* Build configuration list for PBXProject "WeatherApp" */;
			compatibilityVersion = "Xcode 3.2";
			developmentRegion = English;
			hasScannedForEncodings = 0;
			knownRegions = (
				en,
				Base,
			);
			mainGroup = 0E715D361F230C4F00695360;
			productRefGroup = 0E715D401F230C4F00695360 /* Products */;
			projectDirPath = "";
			projectRoot = "";
			targets = (
				0E715D3E1F230C4F00695360 /* WeatherApp */,
				0E715D521F230C4F00695360 /* WeatherAppTests */,
				0E715D5D1F230C4F00695360 /* WeatherAppUITests */,
			);
		};
/* End PBXProject section */

/* Begin PBXResourcesBuildPhase section */
		0E715D3D1F230C4F00695360 /* Resources */ = {
			isa = PBXResourcesBuildPhase;
			buildActionMask = 2147483647;
			files = (
				0E39EC531F661C9E001AE143 /* Backlog.rtf in Resources */,
				0E3DF4851F6481D0007EE6C1 /* DailyForecastCell.xib in Resources */,
				0E715D4D1F230C4F00695360 /* LaunchScreen.storyboard in Resources */,
				0E3DF4831F6481AA007EE6C1 /* DetailedView.xib in Resources */,
				0E715D4A1F230C4F00695360 /* Assets.xcassets in Resources */,
				0EA94C7A1F2BB1BA001790DB /* RightNowView.xib in Resources */,
				0E715D481F230C4F00695360 /* Main.storyboard in Resources */,
				0EF508C01F2C43F20027BFD2 /* HourlyForecastCell.xib in Resources */,
			);
			runOnlyForDeploymentPostprocessing = 0;
		};
		0E715D511F230C4F00695360 /* Resources */ = {
			isa = PBXResourcesBuildPhase;
			buildActionMask = 2147483647;
			files = (
			);
			runOnlyForDeploymentPostprocessing = 0;
		};
		0E715D5C1F230C4F00695360 /* Resources */ = {
			isa = PBXResourcesBuildPhase;
			buildActionMask = 2147483647;
			files = (
			);
			runOnlyForDeploymentPostprocessing = 0;
		};
/* End PBXResourcesBuildPhase section */

/* Begin PBXShellScriptBuildPhase section */
		1D715A48897522B9F7C593EA /* [CP] Embed Pods Frameworks */ = {
			isa = PBXShellScriptBuildPhase;
			buildActionMask = 2147483647;
			files = (
			);
			inputPaths = (
			);
			name = "[CP] Embed Pods Frameworks";
			outputPaths = (
			);
			runOnlyForDeploymentPostprocessing = 0;
			shellPath = /bin/sh;
			shellScript = "\"${SRCROOT}/Pods/Target Support Files/Pods-WeatherApp/Pods-WeatherApp-frameworks.sh\"\n";
			showEnvVarsInLog = 0;
		};
		6BC43C88367EA2499BD8BDD7 /* [CP] Copy Pods Resources */ = {
			isa = PBXShellScriptBuildPhase;
			buildActionMask = 2147483647;
			files = (
			);
			inputPaths = (
			);
			name = "[CP] Copy Pods Resources";
			outputPaths = (
			);
			runOnlyForDeploymentPostprocessing = 0;
			shellPath = /bin/sh;
			shellScript = "\"${SRCROOT}/Pods/Target Support Files/Pods-WeatherApp/Pods-WeatherApp-resources.sh\"\n";
			showEnvVarsInLog = 0;
		};
		70D6B0D05B3884A6448C59D8 /* [CP] Check Pods Manifest.lock */ = {
			isa = PBXShellScriptBuildPhase;
			buildActionMask = 2147483647;
			files = (
			);
			inputPaths = (
			);
			name = "[CP] Check Pods Manifest.lock";
			outputPaths = (
			);
			runOnlyForDeploymentPostprocessing = 0;
			shellPath = /bin/sh;
			shellScript = "diff \"${PODS_PODFILE_DIR_PATH}/Podfile.lock\" \"${PODS_ROOT}/Manifest.lock\" > /dev/null\nif [ $? != 0 ] ; then\n    # print error to STDERR\n    echo \"error: The sandbox is not in sync with the Podfile.lock. Run 'pod install' or update your CocoaPods installation.\" >&2\n    exit 1\nfi\n";
			showEnvVarsInLog = 0;
		};
		AE6775AE14BAB9F14DCCC359 /* [CP] Copy Pods Resources */ = {
			isa = PBXShellScriptBuildPhase;
			buildActionMask = 2147483647;
			files = (
			);
			inputPaths = (
			);
			name = "[CP] Copy Pods Resources";
			outputPaths = (
			);
			runOnlyForDeploymentPostprocessing = 0;
			shellPath = /bin/sh;
			shellScript = "\"${SRCROOT}/Pods/Target Support Files/Pods-WeatherAppUITests/Pods-WeatherAppUITests-resources.sh\"\n";
			showEnvVarsInLog = 0;
		};
		AE9D5807C9144E6ED05A4918 /* [CP] Check Pods Manifest.lock */ = {
			isa = PBXShellScriptBuildPhase;
			buildActionMask = 2147483647;
			files = (
			);
			inputPaths = (
			);
			name = "[CP] Check Pods Manifest.lock";
			outputPaths = (
			);
			runOnlyForDeploymentPostprocessing = 0;
			shellPath = /bin/sh;
			shellScript = "diff \"${PODS_PODFILE_DIR_PATH}/Podfile.lock\" \"${PODS_ROOT}/Manifest.lock\" > /dev/null\nif [ $? != 0 ] ; then\n    # print error to STDERR\n    echo \"error: The sandbox is not in sync with the Podfile.lock. Run 'pod install' or update your CocoaPods installation.\" >&2\n    exit 1\nfi\n";
			showEnvVarsInLog = 0;
		};
		B69920B29615A14E6F244C13 /* [CP] Embed Pods Frameworks */ = {
			isa = PBXShellScriptBuildPhase;
			buildActionMask = 2147483647;
			files = (
			);
			inputPaths = (
			);
			name = "[CP] Embed Pods Frameworks";
			outputPaths = (
			);
			runOnlyForDeploymentPostprocessing = 0;
			shellPath = /bin/sh;
			shellScript = "\"${SRCROOT}/Pods/Target Support Files/Pods-WeatherAppTests/Pods-WeatherAppTests-frameworks.sh\"\n";
			showEnvVarsInLog = 0;
		};
		C7CA7BC8CEFEA07887EDDE30 /* [CP] Embed Pods Frameworks */ = {
			isa = PBXShellScriptBuildPhase;
			buildActionMask = 2147483647;
			files = (
			);
			inputPaths = (
			);
			name = "[CP] Embed Pods Frameworks";
			outputPaths = (
			);
			runOnlyForDeploymentPostprocessing = 0;
			shellPath = /bin/sh;
			shellScript = "\"${SRCROOT}/Pods/Target Support Files/Pods-WeatherAppUITests/Pods-WeatherAppUITests-frameworks.sh\"\n";
			showEnvVarsInLog = 0;
		};
		D7B88FC9B39219C7B41CE63B /* [CP] Copy Pods Resources */ = {
			isa = PBXShellScriptBuildPhase;
			buildActionMask = 2147483647;
			files = (
			);
			inputPaths = (
			);
			name = "[CP] Copy Pods Resources";
			outputPaths = (
			);
			runOnlyForDeploymentPostprocessing = 0;
			shellPath = /bin/sh;
			shellScript = "\"${SRCROOT}/Pods/Target Support Files/Pods-WeatherAppTests/Pods-WeatherAppTests-resources.sh\"\n";
			showEnvVarsInLog = 0;
		};
		F844A1927DC845A79244A07D /* [CP] Check Pods Manifest.lock */ = {
			isa = PBXShellScriptBuildPhase;
			buildActionMask = 2147483647;
			files = (
			);
			inputPaths = (
			);
			name = "[CP] Check Pods Manifest.lock";
			outputPaths = (
			);
			runOnlyForDeploymentPostprocessing = 0;
			shellPath = /bin/sh;
			shellScript = "diff \"${PODS_PODFILE_DIR_PATH}/Podfile.lock\" \"${PODS_ROOT}/Manifest.lock\" > /dev/null\nif [ $? != 0 ] ; then\n    # print error to STDERR\n    echo \"error: The sandbox is not in sync with the Podfile.lock. Run 'pod install' or update your CocoaPods installation.\" >&2\n    exit 1\nfi\n";
			showEnvVarsInLog = 0;
		};
/* End PBXShellScriptBuildPhase section */

/* Begin PBXSourcesBuildPhase section */
		0E715D3B1F230C4F00695360 /* Sources */ = {
			isa = PBXSourcesBuildPhase;
			buildActionMask = 2147483647;
			files = (
				0E39EC671F66D029001AE143 /* ForecastBackgroundRetriever.swift in Sources */,
				0E3DF48B1F6482D0007EE6C1 /* DailyForecastDataSource.swift in Sources */,
				0E3DF4891F6481FC007EE6C1 /* DailyForecastCell.swift in Sources */,
				0E39EC631F66CD6A001AE143 /* Wind.swift in Sources */,
				0E1BE0FC1F6714CF00E5BBDC /* Observable.swift in Sources */,
				0E1BE1021F679F3900E5BBDC /* WeatherConditionFormatter.swift in Sources */,
				0EF508BE1F2BDE6B0027BFD2 /* WeatherService.swift in Sources */,
				0E39EC591F66CBA9001AE143 /* DetailsViewModel.swift in Sources */,
				0E39EC611F66CD50001AE143 /* Weather.swift in Sources */,
				0E3DF4871F6481E8007EE6C1 /* DetailedView.swift in Sources */,
				0EF508C21F2C440A0027BFD2 /* HourlyForecastCell.swift in Sources */,
				0E715D451F230C4F00695360 /* WeatherViewController.swift in Sources */,
				0E1BE1001F67986B00E5BBDC /* TemperatureFormatter.swift in Sources */,
				0E39EC5F1F66CD1F001AE143 /* WeatherCondition.swift in Sources */,
				0E0142081F5FAE24003786C6 /* MenuViewController.swift in Sources */,
				0E39EC551F66CB13001AE143 /* DailyForecastViewModel.swift in Sources */,
				0E200D1E1F65888000252FCD /* ForecastResponse.swift in Sources */,
				0E39EC571F66CB46001AE143 /* HourlyForecastViewModel.swift in Sources */,
				0E3DF48D1F6482DD007EE6C1 /* HourlyForecastDataSource.swift in Sources */,
				0EA94C761F2BADF9001790DB /* RightNowView.swift in Sources */,
				0E1BE0FA1F67083600E5BBDC /* LocationProvider.swift in Sources */,
				0E39EC5B1F66CBDE001AE143 /* RightNowViewModel.swift in Sources */,
				0E39EC5D1F66CD0A001AE143 /* ForecastLocation.swift in Sources */,
				0E715D431F230C4F00695360 /* AppDelegate.swift in Sources */,
				0EF508BC1F2BC6450027BFD2 /* WeatherViewModel.swift in Sources */,
				0E39EC691F66ED1A001AE143 /* CurrentWeatherViewModel.swift in Sources */,
			);
			runOnlyForDeploymentPostprocessing = 0;
		};
		0E715D4F1F230C4F00695360 /* Sources */ = {
			isa = PBXSourcesBuildPhase;
			buildActionMask = 2147483647;
			files = (
				0E715D581F230C4F00695360 /* WeatherAppTests.swift in Sources */,
			);
			runOnlyForDeploymentPostprocessing = 0;
		};
		0E715D5A1F230C4F00695360 /* Sources */ = {
			isa = PBXSourcesBuildPhase;
			buildActionMask = 2147483647;
			files = (
				0E715D631F230C4F00695360 /* WeatherAppUITests.swift in Sources */,
			);
			runOnlyForDeploymentPostprocessing = 0;
		};
/* End PBXSourcesBuildPhase section */

/* Begin PBXTargetDependency section */
		0E715D551F230C4F00695360 /* PBXTargetDependency */ = {
			isa = PBXTargetDependency;
			target = 0E715D3E1F230C4F00695360 /* WeatherApp */;
			targetProxy = 0E715D541F230C4F00695360 /* PBXContainerItemProxy */;
		};
		0E715D601F230C4F00695360 /* PBXTargetDependency */ = {
			isa = PBXTargetDependency;
			target = 0E715D3E1F230C4F00695360 /* WeatherApp */;
			targetProxy = 0E715D5F1F230C4F00695360 /* PBXContainerItemProxy */;
		};
/* End PBXTargetDependency section */

/* Begin PBXVariantGroup section */
		0E715D461F230C4F00695360 /* Main.storyboard */ = {
			isa = PBXVariantGroup;
			children = (
				0E715D471F230C4F00695360 /* Base */,
			);
			name = Main.storyboard;
			sourceTree = "<group>";
		};
		0E715D4B1F230C4F00695360 /* LaunchScreen.storyboard */ = {
			isa = PBXVariantGroup;
			children = (
				0E715D4C1F230C4F00695360 /* Base */,
			);
			name = LaunchScreen.storyboard;
			sourceTree = "<group>";
		};
/* End PBXVariantGroup section */

/* Begin XCBuildConfiguration section */
		0E715D651F230C4F00695360 /* Debug */ = {
			isa = XCBuildConfiguration;
			buildSettings = {
				ALWAYS_SEARCH_USER_PATHS = NO;
				CLANG_ANALYZER_NONNULL = YES;
				CLANG_ANALYZER_NUMBER_OBJECT_CONVERSION = YES_AGGRESSIVE;
				CLANG_CXX_LANGUAGE_STANDARD = "gnu++0x";
				CLANG_CXX_LIBRARY = "libc++";
				CLANG_ENABLE_MODULES = YES;
				CLANG_ENABLE_OBJC_ARC = YES;
				CLANG_WARN_BOOL_CONVERSION = YES;
				CLANG_WARN_CONSTANT_CONVERSION = YES;
				CLANG_WARN_DIRECT_OBJC_ISA_USAGE = YES_ERROR;
				CLANG_WARN_DOCUMENTATION_COMMENTS = YES;
				CLANG_WARN_EMPTY_BODY = YES;
				CLANG_WARN_ENUM_CONVERSION = YES;
				CLANG_WARN_INFINITE_RECURSION = YES;
				CLANG_WARN_INT_CONVERSION = YES;
				CLANG_WARN_OBJC_ROOT_CLASS = YES_ERROR;
				CLANG_WARN_SUSPICIOUS_MOVE = YES;
				CLANG_WARN_UNREACHABLE_CODE = YES;
				CLANG_WARN__DUPLICATE_METHOD_MATCH = YES;
				"CODE_SIGN_IDENTITY[sdk=iphoneos*]" = "iPhone Developer";
				COPY_PHASE_STRIP = NO;
				DEBUG_INFORMATION_FORMAT = dwarf;
				ENABLE_STRICT_OBJC_MSGSEND = YES;
				ENABLE_TESTABILITY = YES;
				GCC_C_LANGUAGE_STANDARD = gnu99;
				GCC_DYNAMIC_NO_PIC = NO;
				GCC_NO_COMMON_BLOCKS = YES;
				GCC_OPTIMIZATION_LEVEL = 0;
				GCC_PREPROCESSOR_DEFINITIONS = (
					"DEBUG=1",
					"$(inherited)",
				);
				GCC_WARN_64_TO_32_BIT_CONVERSION = YES;
				GCC_WARN_ABOUT_RETURN_TYPE = YES_ERROR;
				GCC_WARN_UNDECLARED_SELECTOR = YES;
				GCC_WARN_UNINITIALIZED_AUTOS = YES_AGGRESSIVE;
				GCC_WARN_UNUSED_FUNCTION = YES;
				GCC_WARN_UNUSED_VARIABLE = YES;
				IPHONEOS_DEPLOYMENT_TARGET = 10.3;
				MTL_ENABLE_DEBUG_INFO = YES;
				ONLY_ACTIVE_ARCH = YES;
				SDKROOT = iphoneos;
				SWIFT_ACTIVE_COMPILATION_CONDITIONS = DEBUG;
				SWIFT_OPTIMIZATION_LEVEL = "-Onone";
				TARGETED_DEVICE_FAMILY = "1,2";
			};
			name = Debug;
		};
		0E715D661F230C4F00695360 /* Release */ = {
			isa = XCBuildConfiguration;
			buildSettings = {
				ALWAYS_SEARCH_USER_PATHS = NO;
				CLANG_ANALYZER_NONNULL = YES;
				CLANG_ANALYZER_NUMBER_OBJECT_CONVERSION = YES_AGGRESSIVE;
				CLANG_CXX_LANGUAGE_STANDARD = "gnu++0x";
				CLANG_CXX_LIBRARY = "libc++";
				CLANG_ENABLE_MODULES = YES;
				CLANG_ENABLE_OBJC_ARC = YES;
				CLANG_WARN_BOOL_CONVERSION = YES;
				CLANG_WARN_CONSTANT_CONVERSION = YES;
				CLANG_WARN_DIRECT_OBJC_ISA_USAGE = YES_ERROR;
				CLANG_WARN_DOCUMENTATION_COMMENTS = YES;
				CLANG_WARN_EMPTY_BODY = YES;
				CLANG_WARN_ENUM_CONVERSION = YES;
				CLANG_WARN_INFINITE_RECURSION = YES;
				CLANG_WARN_INT_CONVERSION = YES;
				CLANG_WARN_OBJC_ROOT_CLASS = YES_ERROR;
				CLANG_WARN_SUSPICIOUS_MOVE = YES;
				CLANG_WARN_UNREACHABLE_CODE = YES;
				CLANG_WARN__DUPLICATE_METHOD_MATCH = YES;
				"CODE_SIGN_IDENTITY[sdk=iphoneos*]" = "iPhone Developer";
				COPY_PHASE_STRIP = NO;
				DEBUG_INFORMATION_FORMAT = "dwarf-with-dsym";
				ENABLE_NS_ASSERTIONS = NO;
				ENABLE_STRICT_OBJC_MSGSEND = YES;
				GCC_C_LANGUAGE_STANDARD = gnu99;
				GCC_NO_COMMON_BLOCKS = YES;
				GCC_WARN_64_TO_32_BIT_CONVERSION = YES;
				GCC_WARN_ABOUT_RETURN_TYPE = YES_ERROR;
				GCC_WARN_UNDECLARED_SELECTOR = YES;
				GCC_WARN_UNINITIALIZED_AUTOS = YES_AGGRESSIVE;
				GCC_WARN_UNUSED_FUNCTION = YES;
				GCC_WARN_UNUSED_VARIABLE = YES;
				IPHONEOS_DEPLOYMENT_TARGET = 10.3;
				MTL_ENABLE_DEBUG_INFO = NO;
				SDKROOT = iphoneos;
				SWIFT_OPTIMIZATION_LEVEL = "-Owholemodule";
				TARGETED_DEVICE_FAMILY = "1,2";
				VALIDATE_PRODUCT = YES;
			};
			name = Release;
		};
		0E715D681F230C4F00695360 /* Debug */ = {
			isa = XCBuildConfiguration;
			baseConfigurationReference = F5A49F7F8741BD5CD76C8054 /* Pods-WeatherApp.debug.xcconfig */;
			buildSettings = {
				ASSETCATALOG_COMPILER_APPICON_NAME = AppIcon;
				DEVELOPMENT_TEAM = 8F8KCJMB2H;
				INFOPLIST_FILE = WeatherApp/Info.plist;
				LD_RUNPATH_SEARCH_PATHS = "$(inherited) @executable_path/Frameworks";
				PRODUCT_BUNDLE_IDENTIFIER = coreysprague.WeatherApp;
				PRODUCT_NAME = "$(TARGET_NAME)";
				SWIFT_VERSION = 3.0;
			};
			name = Debug;
		};
		0E715D691F230C4F00695360 /* Release */ = {
			isa = XCBuildConfiguration;
			baseConfigurationReference = 0BC3EC1DA28ECBC15EA60A51 /* Pods-WeatherApp.release.xcconfig */;
			buildSettings = {
				ASSETCATALOG_COMPILER_APPICON_NAME = AppIcon;
				DEVELOPMENT_TEAM = 8F8KCJMB2H;
				INFOPLIST_FILE = WeatherApp/Info.plist;
				LD_RUNPATH_SEARCH_PATHS = "$(inherited) @executable_path/Frameworks";
				PRODUCT_BUNDLE_IDENTIFIER = coreysprague.WeatherApp;
				PRODUCT_NAME = "$(TARGET_NAME)";
				SWIFT_VERSION = 3.0;
			};
			name = Release;
		};
		0E715D6B1F230C4F00695360 /* Debug */ = {
			isa = XCBuildConfiguration;
			baseConfigurationReference = AD09E16778E681094F8A8C16 /* Pods-WeatherAppTests.debug.xcconfig */;
			buildSettings = {
				ALWAYS_EMBED_SWIFT_STANDARD_LIBRARIES = YES;
				BUNDLE_LOADER = "$(TEST_HOST)";
				INFOPLIST_FILE = WeatherAppTests/Info.plist;
				LD_RUNPATH_SEARCH_PATHS = "$(inherited) @executable_path/Frameworks @loader_path/Frameworks";
				PRODUCT_BUNDLE_IDENTIFIER = coreysprague.WeatherAppTests;
				PRODUCT_NAME = "$(TARGET_NAME)";
				SWIFT_VERSION = 3.0;
				TEST_HOST = "$(BUILT_PRODUCTS_DIR)/WeatherApp.app/WeatherApp";
			};
			name = Debug;
		};
		0E715D6C1F230C4F00695360 /* Release */ = {
			isa = XCBuildConfiguration;
			baseConfigurationReference = B8A41F2A4E8FBD86104BC319 /* Pods-WeatherAppTests.release.xcconfig */;
			buildSettings = {
				ALWAYS_EMBED_SWIFT_STANDARD_LIBRARIES = YES;
				BUNDLE_LOADER = "$(TEST_HOST)";
				INFOPLIST_FILE = WeatherAppTests/Info.plist;
				LD_RUNPATH_SEARCH_PATHS = "$(inherited) @executable_path/Frameworks @loader_path/Frameworks";
				PRODUCT_BUNDLE_IDENTIFIER = coreysprague.WeatherAppTests;
				PRODUCT_NAME = "$(TARGET_NAME)";
				SWIFT_VERSION = 3.0;
				TEST_HOST = "$(BUILT_PRODUCTS_DIR)/WeatherApp.app/WeatherApp";
			};
			name = Release;
		};
		0E715D6E1F230C4F00695360 /* Debug */ = {
			isa = XCBuildConfiguration;
			baseConfigurationReference = BC09BFA6B0C1F233C665B7CA /* Pods-WeatherAppUITests.debug.xcconfig */;
			buildSettings = {
				ALWAYS_EMBED_SWIFT_STANDARD_LIBRARIES = YES;
				INFOPLIST_FILE = WeatherAppUITests/Info.plist;
				LD_RUNPATH_SEARCH_PATHS = "$(inherited) @executable_path/Frameworks @loader_path/Frameworks";
				PRODUCT_BUNDLE_IDENTIFIER = coreysprague.WeatherAppUITests;
				PRODUCT_NAME = "$(TARGET_NAME)";
				SWIFT_VERSION = 3.0;
				TEST_TARGET_NAME = WeatherApp;
			};
			name = Debug;
		};
		0E715D6F1F230C4F00695360 /* Release */ = {
			isa = XCBuildConfiguration;
			baseConfigurationReference = 16A70135FB2002F8D629B2C9 /* Pods-WeatherAppUITests.release.xcconfig */;
			buildSettings = {
				ALWAYS_EMBED_SWIFT_STANDARD_LIBRARIES = YES;
				INFOPLIST_FILE = WeatherAppUITests/Info.plist;
				LD_RUNPATH_SEARCH_PATHS = "$(inherited) @executable_path/Frameworks @loader_path/Frameworks";
				PRODUCT_BUNDLE_IDENTIFIER = coreysprague.WeatherAppUITests;
				PRODUCT_NAME = "$(TARGET_NAME)";
				SWIFT_VERSION = 3.0;
				TEST_TARGET_NAME = WeatherApp;
			};
			name = Release;
		};
/* End XCBuildConfiguration section */

/* Begin XCConfigurationList section */
		0E715D3A1F230C4F00695360 /* Build configuration list for PBXProject "WeatherApp" */ = {
			isa = XCConfigurationList;
			buildConfigurations = (
				0E715D651F230C4F00695360 /* Debug */,
				0E715D661F230C4F00695360 /* Release */,
			);
			defaultConfigurationIsVisible = 0;
			defaultConfigurationName = Release;
		};
		0E715D671F230C4F00695360 /* Build configuration list for PBXNativeTarget "WeatherApp" */ = {
			isa = XCConfigurationList;
			buildConfigurations = (
				0E715D681F230C4F00695360 /* Debug */,
				0E715D691F230C4F00695360 /* Release */,
			);
			defaultConfigurationIsVisible = 0;
			defaultConfigurationName = Release;
		};
		0E715D6A1F230C4F00695360 /* Build configuration list for PBXNativeTarget "WeatherAppTests" */ = {
			isa = XCConfigurationList;
			buildConfigurations = (
				0E715D6B1F230C4F00695360 /* Debug */,
				0E715D6C1F230C4F00695360 /* Release */,
			);
			defaultConfigurationIsVisible = 0;
			defaultConfigurationName = Release;
		};
		0E715D6D1F230C4F00695360 /* Build configuration list for PBXNativeTarget "WeatherAppUITests" */ = {
			isa = XCConfigurationList;
			buildConfigurations = (
				0E715D6E1F230C4F00695360 /* Debug */,
				0E715D6F1F230C4F00695360 /* Release */,
			);
			defaultConfigurationIsVisible = 0;
			defaultConfigurationName = Release;
		};
/* End XCConfigurationList section */
	};
	rootObject = 0E715D371F230C4F00695360 /* Project object */;
}
